
Microsoft Visual Studio Solution File, Format Version 11.00
# Visual Studio 2010
Project("{FAE04EC0-301F-11D3-BF4B-00C04F79EFBC}") = "UnityEngine.TestRunner", "UnityEngine.TestRunner.csproj", "{126405c3-c995-4df2-86b5-15944c04b38d}"
EndProject
Project("{FAE04EC0-301F-11D3-BF4B-00C04F79EFBC}") = "Unity.2D.Animation.Triangle.Runtime", "Unity.2D.Animation.Triangle.Runtime.csproj", "{5fa1ac6f-a7c9-d08c-57ef-fbe44ab3c70f}"
EndProject
Project("{FAE04EC0-301F-11D3-BF4B-00C04F79EFBC}") = "UnityEngine.UI", "UnityEngine.UI.csproj", "{76404000-7365-d8ee-99a0-72a9f0ec06ee}"
EndProject
Project("{FAE04EC0-301F-11D3-BF4B-00C04F79EFBC}") = "Unity.TextMeshPro", "Unity.TextMeshPro.csproj", "{31261ba4-bcbb-6d48-d81e-dab30c31da98}"
EndProject
Project("{FAE04EC0-301F-11D3-BF4B-00C04F79EFBC}") = "Unity.2D.Animation.Runtime", "Unity.2D.Animation.Runtime.csproj", "{d3483801-0656-4126-795e-a0fa4ee61953}"
EndProject
Project("{FAE04EC0-301F-11D3-BF4B-00C04F79EFBC}") = "Unity.Timeline", "Unity.Timeline.csproj", "{661418f5-ef89-b885-a410-92f36b62dadd}"
EndProject
Project("{FAE04EC0-301F-11D3-BF4B-00C04F79EFBC}") = "Unity.Mathematics", "Unity.Mathematics.csproj", "{f5b6bd12-f118-862f-b626-80e38e9a63bb}"
EndProject
Project("{FAE04EC0-301F-11D3-BF4B-00C04F79EFBC}") = "Unity.2D.SpriteShape.Runtime", "Unity.2D.SpriteShape.Runtime.csproj", "{8461764b-57cf-9cf5-8b82-71088b42f9e9}"
EndProject
Project("{FAE04EC0-301F-11D3-BF4B-00C04F79EFBC}") = "Unity.2D.PixelPerfect", "Unity.2D.PixelPerfect.csproj", "{a10c4529-9b96-474d-ad56-fd85c35310e2}"
EndProject
Project("{FAE04EC0-301F-11D3-BF4B-00C04F79EFBC}") = "Assembly-CSharp", "Assembly-CSharp.csproj", "{eb643061-10e9-7b16-0cd2-7863d5ec0e2f}"
EndProject
Project("{FAE04EC0-301F-11D3-BF4B-00C04F79EFBC}") = "Unity.InternalAPIEngineBridge.001", "Unity.InternalAPIEngineBridge.001.csproj", "{20acbd87-c36e-1757-759c-bd6e83d6390e}"
EndProject
Project("{FAE04EC0-301F-11D3-BF4B-00C04F79EFBC}") = "Unity.2D.Common.Runtime", "Unity.2D.Common.Runtime.csproj", "{0df5d124-0072-55c0-0493-575c90270efb}"
EndProject
Project("{FAE04EC0-301F-11D3-BF4B-00C04F79EFBC}") = "Unity.TextMeshPro.Editor", "Unity.TextMeshPro.Editor.csproj", "{f5349e61-7160-225c-492d-aa8b411a8e13}"
EndProject
Project("{FAE04EC0-301F-11D3-BF4B-00C04F79EFBC}") = "Unity.Timeline.Editor", "Unity.Timeline.Editor.csproj", "{26c5ab82-8672-94ba-ba3d-166dc2d80e90}"
EndProject
Project("{FAE04EC0-301F-11D3-BF4B-00C04F79EFBC}") = "Unity.CollabProxy.Editor", "Unity.CollabProxy.Editor.csproj", "{74a2a8c6-3cb9-fd60-7681-debe96d063dc}"
EndProject
Project("{FAE04EC0-301F-11D3-BF4B-00C04F79EFBC}") = "UnityEditor.TestRunner", "UnityEditor.TestRunner.csproj", "{b8cb2dc7-587a-07db-6503-3e669fb16766}"
EndProject
Project("{FAE04EC0-301F-11D3-BF4B-00C04F79EFBC}") = "Unity.2D.Animation.Editor", "Unity.2D.Animation.Editor.csproj", "{f19aa74d-3c9f-def6-f629-63a97a0adbf6}"
EndProject
Project("{FAE04EC0-301F-11D3-BF4B-00C04F79EFBC}") = "Unity.2D.Path.Editor", "Unity.2D.Path.Editor.csproj", "{655f24b1-c973-bd77-031b-4ef30d946682}"
EndProject
Project("{FAE04EC0-301F-11D3-BF4B-00C04F79EFBC}") = "Unity.2D.Sprite.Editor", "Unity.2D.Sprite.Editor.csproj", "{4c4e65f3-7517-7241-6376-bf20b3576a92}"
EndProject
Project("{FAE04EC0-301F-11D3-BF4B-00C04F79EFBC}") = "UnityEditor.UI", "UnityEditor.UI.csproj", "{4f7c5fb6-5f52-74ca-bd6f-00e8da3be351}"
EndProject
Project("{FAE04EC0-301F-11D3-BF4B-00C04F79EFBC}") = "Unity.Rider.Editor", "Unity.Rider.Editor.csproj", "{419f4789-0a96-82e5-7530-75f027c060bd}"
EndProject
Project("{FAE04EC0-301F-11D3-BF4B-00C04F79EFBC}") = "Unity.2D.Tilemap.Editor", "Unity.2D.Tilemap.Editor.csproj", "{284aa6d4-1109-ea8b-cfc1-c10834e5aa5d}"
EndProject
Project("{FAE04EC0-301F-11D3-BF4B-00C04F79EFBC}") = "Unity.VisualStudio.Editor", "Unity.VisualStudio.Editor.csproj", "{3901951f-b3ea-6d64-1ccb-b296418155fc}"
EndProject
Project("{FAE04EC0-301F-11D3-BF4B-00C04F79EFBC}") = "Unity.2D.SpriteShape.Editor", "Unity.2D.SpriteShape.Editor.csproj", "{68f8d4ba-60da-6712-95fe-9415bbdcea04}"
EndProject
Project("{FAE04EC0-301F-11D3-BF4B-00C04F79EFBC}") = "PsdPlugin", "PsdPlugin.csproj", "{0c4f1b65-f339-aa4c-5fdd-216a0bce7845}"
EndProject
Project("{FAE04EC0-301F-11D3-BF4B-00C04F79EFBC}") = "Unity.2D.Common.Editor", "Unity.2D.Common.Editor.csproj", "{04a86982-4a7a-bd3f-99c6-f17fe5dee3af}"
EndProject
Project("{FAE04EC0-301F-11D3-BF4B-00C04F79EFBC}") = "Unity.VSCode.Editor", "Unity.VSCode.Editor.csproj", "{7861fb36-2dc1-86ef-0c87-33c9d98cc17d}"
EndProject
Project("{FAE04EC0-301F-11D3-BF4B-00C04F79EFBC}") = "Unity.2D.Psdimporter.Editor", "Unity.2D.Psdimporter.Editor.csproj", "{cfc78f8e-9f2b-8f48-059d-2fc914388fe3}"
EndProject
Project("{FAE04EC0-301F-11D3-BF4B-00C04F79EFBC}") = "Unity.2D.PixelPerfect.Editor", "Unity.2D.PixelPerfect.Editor.csproj", "{3d34350c-10d8-8eb9-d8a4-90cf225ca2ed}"
EndProject
Project("{FAE04EC0-301F-11D3-BF4B-00C04F79EFBC}") = "Unity.Mathematics.Editor", "Unity.Mathematics.Editor.csproj", "{a33cd369-e853-6596-22e1-6c621f024c2d}"
EndProject
Project("{FAE04EC0-301F-11D3-BF4B-00C04F79EFBC}") = "Unity.InternalAPIEditorBridge.001", "Unity.InternalAPIEditorBridge.001.csproj", "{906620f3-5909-37ed-8c45-242940119b74}"
EndProject
Global
	GlobalSection(SolutionConfigurationPlatforms) = preSolution
		Debug|Any CPU = Debug|Any CPU
	EndGlobalSection
	GlobalSection(ProjectConfigurationPlatforms) = postSolution
		{126405c3-c995-4df2-86b5-15944c04b38d}.Debug|Any CPU.ActiveCfg = Debug|Any CPU
		{126405c3-c995-4df2-86b5-15944c04b38d}.Debug|Any CPU.Build.0 = Debug|Any CPU
		{5fa1ac6f-a7c9-d08c-57ef-fbe44ab3c70f}.Debug|Any CPU.ActiveCfg = Debug|Any CPU
		{5fa1ac6f-a7c9-d08c-57ef-fbe44ab3c70f}.Debug|Any CPU.Build.0 = Debug|Any CPU
		{76404000-7365-d8ee-99a0-72a9f0ec06ee}.Debug|Any CPU.ActiveCfg = Debug|Any CPU
		{76404000-7365-d8ee-99a0-72a9f0ec06ee}.Debug|Any CPU.Build.0 = Debug|Any CPU
		{31261ba4-bcbb-6d48-d81e-dab30c31da98}.Debug|Any CPU.ActiveCfg = Debug|Any CPU
		{31261ba4-bcbb-6d48-d81e-dab30c31da98}.Debug|Any CPU.Build.0 = Debug|Any CPU
		{d3483801-0656-4126-795e-a0fa4ee61953}.Debug|Any CPU.ActiveCfg = Debug|Any CPU
		{d3483801-0656-4126-795e-a0fa4ee61953}.Debug|Any CPU.Build.0 = Debug|Any CPU
		{661418f5-ef89-b885-a410-92f36b62dadd}.Debug|Any CPU.ActiveCfg = Debug|Any CPU
		{661418f5-ef89-b885-a410-92f36b62dadd}.Debug|Any CPU.Build.0 = Debug|Any CPU
		{f5b6bd12-f118-862f-b626-80e38e9a63bb}.Debug|Any CPU.ActiveCfg = Debug|Any CPU
		{f5b6bd12-f118-862f-b626-80e38e9a63bb}.Debug|Any CPU.Build.0 = Debug|Any CPU
		{8461764b-57cf-9cf5-8b82-71088b42f9e9}.Debug|Any CPU.ActiveCfg = Debug|Any CPU
		{8461764b-57cf-9cf5-8b82-71088b42f9e9}.Debug|Any CPU.Build.0 = Debug|Any CPU
		{a10c4529-9b96-474d-ad56-fd85c35310e2}.Debug|Any CPU.ActiveCfg = Debug|Any CPU
		{a10c4529-9b96-474d-ad56-fd85c35310e2}.Debug|Any CPU.Build.0 = Debug|Any CPU
		{eb643061-10e9-7b16-0cd2-7863d5ec0e2f}.Debug|Any CPU.ActiveCfg = Debug|Any CPU
		{eb643061-10e9-7b16-0cd2-7863d5ec0e2f}.Debug|Any CPU.Build.0 = Debug|Any CPU
		{20acbd87-c36e-1757-759c-bd6e83d6390e}.Debug|Any CPU.ActiveCfg = Debug|Any CPU
		{20acbd87-c36e-1757-759c-bd6e83d6390e}.Debug|Any CPU.Build.0 = Debug|Any CPU
		{0df5d124-0072-55c0-0493-575c90270efb}.Debug|Any CPU.ActiveCfg = Debug|Any CPU
		{0df5d124-0072-55c0-0493-575c90270efb}.Debug|Any CPU.Build.0 = Debug|Any CPU
		{f5349e61-7160-225c-492d-aa8b411a8e13}.Debug|Any CPU.ActiveCfg = Debug|Any CPU
		{f5349e61-7160-225c-492d-aa8b411a8e13}.Debug|Any CPU.Build.0 = Debug|Any CPU
		{26c5ab82-8672-94ba-ba3d-166dc2d80e90}.Debug|Any CPU.ActiveCfg = Debug|Any CPU
		{26c5ab82-8672-94ba-ba3d-166dc2d80e90}.Debug|Any CPU.Build.0 = Debug|Any CPU
		{74a2a8c6-3cb9-fd60-7681-debe96d063dc}.Debug|Any CPU.ActiveCfg = Debug|Any CPU
		{74a2a8c6-3cb9-fd60-7681-debe96d063dc}.Debug|Any CPU.Build.0 = Debug|Any CPU
		{b8cb2dc7-587a-07db-6503-3e669fb16766}.Debug|Any CPU.ActiveCfg = Debug|Any CPU
		{b8cb2dc7-587a-07db-6503-3e669fb16766}.Debug|Any CPU.Build.0 = Debug|Any CPU
		{f19aa74d-3c9f-def6-f629-63a97a0adbf6}.Debug|Any CPU.ActiveCfg = Debug|Any CPU
		{f19aa74d-3c9f-def6-f629-63a97a0adbf6}.Debug|Any CPU.Build.0 = Debug|Any CPU
		{655f24b1-c973-bd77-031b-4ef30d946682}.Debug|Any CPU.ActiveCfg = Debug|Any CPU
		{655f24b1-c973-bd77-031b-4ef30d946682}.Debug|Any CPU.Build.0 = Debug|Any CPU
		{4c4e65f3-7517-7241-6376-bf20b3576a92}.Debug|Any CPU.ActiveCfg = Debug|Any CPU
		{4c4e65f3-7517-7241-6376-bf20b3576a92}.Debug|Any CPU.Build.0 = Debug|Any CPU
		{4f7c5fb6-5f52-74ca-bd6f-00e8da3be351}.Debug|Any CPU.ActiveCfg = Debug|Any CPU
		{4f7c5fb6-5f52-74ca-bd6f-00e8da3be351}.Debug|Any CPU.Build.0 = Debug|Any CPU
		{419f4789-0a96-82e5-7530-75f027c060bd}.Debug|Any CPU.ActiveCfg = Debug|Any CPU
		{419f4789-0a96-82e5-7530-75f027c060bd}.Debug|Any CPU.Build.0 = Debug|Any CPU
		{284aa6d4-1109-ea8b-cfc1-c10834e5aa5d}.Debug|Any CPU.ActiveCfg = Debug|Any CPU
		{284aa6d4-1109-ea8b-cfc1-c10834e5aa5d}.Debug|Any CPU.Build.0 = Debug|Any CPU
		{3901951f-b3ea-6d64-1ccb-b296418155fc}.Debug|Any CPU.ActiveCfg = Debug|Any CPU
		{3901951f-b3ea-6d64-1ccb-b296418155fc}.Debug|Any CPU.Build.0 = Debug|Any CPU
		{68f8d4ba-60da-6712-95fe-9415bbdcea04}.Debug|Any CPU.ActiveCfg = Debug|Any CPU
		{68f8d4ba-60da-6712-95fe-9415bbdcea04}.Debug|Any CPU.Build.0 = Debug|Any CPU
		{0c4f1b65-f339-aa4c-5fdd-216a0bce7845}.Debug|Any CPU.ActiveCfg = Debug|Any CPU
		{0c4f1b65-f339-aa4c-5fdd-216a0bce7845}.Debug|Any CPU.Build.0 = Debug|Any CPU
		{04a86982-4a7a-bd3f-99c6-f17fe5dee3af}.Debug|Any CPU.ActiveCfg = Debug|Any CPU
		{04a86982-4a7a-bd3f-99c6-f17fe5dee3af}.Debug|Any CPU.Build.0 = Debug|Any CPU
		{7861fb36-2dc1-86ef-0c87-33c9d98cc17d}.Debug|Any CPU.ActiveCfg = Debug|Any CPU
		{7861fb36-2dc1-86ef-0c87-33c9d98cc17d}.Debug|Any CPU.Build.0 = Debug|Any CPU
		{cfc78f8e-9f2b-8f48-059d-2fc914388fe3}.Debug|Any CPU.ActiveCfg = Debug|Any CPU
		{cfc78f8e-9f2b-8f48-059d-2fc914388fe3}.Debug|Any CPU.Build.0 = Debug|Any CPU
		{3d34350c-10d8-8eb9-d8a4-90cf225ca2ed}.Debug|Any CPU.ActiveCfg = Debug|Any CPU
		{3d34350c-10d8-8eb9-d8a4-90cf225ca2ed}.Debug|Any CPU.Build.0 = Debug|Any CPU
		{a33cd369-e853-6596-22e1-6c621f024c2d}.Debug|Any CPU.ActiveCfg = Debug|Any CPU
		{a33cd369-e853-6596-22e1-6c621f024c2d}.Debug|Any CPU.Build.0 = Debug|Any CPU
		{906620f3-5909-37ed-8c45-242940119b74}.Debug|Any CPU.ActiveCfg = Debug|Any CPU
		{906620f3-5909-37ed-8c45-242940119b74}.Debug|Any CPU.Build.0 = Debug|Any CPU
	EndGlobalSection
	GlobalSection(SolutionProperties) = preSolution
		HideSolutionNode = FALSE
	EndGlobalSection
EndGlobal
